# THIS IS AN AUTOGENERATED FILE. DO NOT EDIT THIS FILE DIRECTLY.
# yarn lockfile v1


turbo-darwin-64@2.4.0:
  version "2.4.0"
  resolved "https://registry.yarnpkg.com/turbo-darwin-64/-/turbo-darwin-64-2.4.0.tgz#45bd92a119f0365d7aedd61e5aadabb589a23e44"
  integrity sha512-kVMScnPUa3R4n7woNmkR15kOY0aUwCLJcUyH5UC59ggKqr5HIHwweKYK8N1pwBQso0LQF4I9i93hIzfJguCcwQ==

turbo-darwin-arm64@2.4.0:
  version "2.4.0"
  resolved "https://registry.yarnpkg.com/turbo-darwin-arm64/-/turbo-darwin-arm64-2.4.0.tgz#7c8a6d612056ed2d841e5de3cbbdd8b7d1c7ad84"
  integrity sha512-8JObIpfun1guA7UlFR5jC/SOVm49lRscxMxfg5jZ5ABft79rhFC+ygN9AwAhGKv6W2DUhIh2xENkSgu4EDmUyg==

turbo-linux-64@2.4.0:
  version "2.4.0"
  resolved "https://registry.yarnpkg.com/turbo-linux-64/-/turbo-linux-64-2.4.0.tgz#6d24123685db82ff5c863e2c96c976394d13c8b3"
  integrity sha512-xWDGGcRlBuGV7HXWAVuTY6vsQi4aZxGMAnuiuNDg8Ij1aHGohOM0RUsWMXjxz4vuJmjk9+/D6NQqHH3AJEXezg==

turbo-linux-arm64@2.4.0:
  version "2.4.0"
  resolved "https://registry.yarnpkg.com/turbo-linux-arm64/-/turbo-linux-arm64-2.4.0.tgz#f286a91c8c1f25074f383870ff597c3b3227871b"
  integrity sha512-c3En99xMguc/Pdtk/rZP53LnDdw0W6lgUc04he8r8F+UHYSNvgzHh0WGXXmCC6lGbBH72kPhhGx4bAwyvi7dug==

turbo-windows-64@2.4.0:
  version "2.4.0"
  resolved "https://registry.yarnpkg.com/turbo-windows-64/-/turbo-windows-64-2.4.0.tgz#60c3fdb38f7fb3fcce3acf07256c5f9973072bc5"
  integrity sha512-/gOORuOlyA8JDPzyA16CD3wvyRcuBFePa1URAnFUof9hXQmKxK0VvSDO79cYZFsJSchCKNJpckUS0gYxGsWwoA==

turbo-windows-arm64@2.4.0:
  version "2.4.0"
  resolved "https://registry.yarnpkg.com/turbo-windows-arm64/-/turbo-windows-arm64-2.4.0.tgz#23809ecfdd31e5800174f0af23f8f35b2f0370d4"
  integrity sha512-/DJIdTFijEMM5LSiEpSfarDOMOlYqJV+EzmppqWtHqDsOLF4hbbIBH9sJR6OOp5dURAu5eURBYdmvBRz9Lo6TA==

turbo@^2.4.0:
  version "2.4.0"
  resolved "https://registry.yarnpkg.com/turbo/-/turbo-2.4.0.tgz#fb23f7d90c2199dbc34b71de5800bf2432785706"
  integrity sha512-ah/yQp2oMif1X0u7fBJ4MLMygnkbKnW5O8SG6pJvloPCpHfFoZctkSVQiJ3VnvNTq71V2JJIdwmOeu1i34OQyg==
  optionalDependencies:
    turbo-darwin-64 "2.4.0"
    turbo-darwin-arm64 "2.4.0"
    turbo-linux-64 "2.4.0"
    turbo-linux-arm64 "2.4.0"
    turbo-windows-64 "2.4.0"
    turbo-windows-arm64 "2.4.0"
